// !$*UTF8*$!
{
	archiveVersion = 1;
	classes = {
	};
	objectVersion = 50;
	objects = {

/* Begin PBXBuildFile section */
		A5C4AECD26765F7C0036557E /* NewsDate.swift in Sources */ = {isa = PBXBuildFile; fileRef = A5C4AECC26765F7C0036557E /* NewsDate.swift */; };
		A5C4AECF26765FB80036557E /* NewsTitle.swift in Sources */ = {isa = PBXBuildFile; fileRef = A5C4AECE26765FB80036557E /* NewsTitle.swift */; };
		A5C4AED126765FFC0036557E /* NewsBody.swift in Sources */ = {isa = PBXBuildFile; fileRef = A5C4AED026765FFC0036557E /* NewsBody.swift */; };
		A5C4AED32676603F0036557E /* NavBarImage.swift in Sources */ = {isa = PBXBuildFile; fileRef = A5C4AED22676603F0036557E /* NavBarImage.swift */; };
		A5C4AED5267660970036557E /* PreviewContent.swift in Sources */ = {isa = PBXBuildFile; fileRef = A5C4AED4267660970036557E /* PreviewContent.swift */; };
		A5DDF23A266AC40400436888 /* o7App.swift in Sources */ = {isa = PBXBuildFile; fileRef = A5DDF239266AC40400436888 /* o7App.swift */; };
		A5DDF23C266AC40400436888 /* NewsBoard.swift in Sources */ = {isa = PBXBuildFile; fileRef = A5DDF23B266AC40400436888 /* NewsBoard.swift */; };
		A5DDF23E266AC41500436888 /* Assets.xcassets in Resources */ = {isa = PBXBuildFile; fileRef = A5DDF23D266AC41500436888 /* Assets.xcassets */; };
		A5DDF241266AC41500436888 /* Preview Assets.xcassets in Resources */ = {isa = PBXBuildFile; fileRef = A5DDF240266AC41500436888 /* Preview Assets.xcassets */; };
		A5DDF252266AC4C200436888 /* o7UnitTests.swift in Sources */ = {isa = PBXBuildFile; fileRef = A5DDF251266AC4C200436888 /* o7UnitTests.swift */; };
		A5DDF25D266AC63400436888 /* NewsItem.swift in Sources */ = {isa = PBXBuildFile; fileRef = A5DDF25C266AC63300436888 /* NewsItem.swift */; };
		A5DDF25F266AC6E000436888 /* HTMLNewsSanitiser.swift in Sources */ = {isa = PBXBuildFile; fileRef = A5DDF25E266AC6E000436888 /* HTMLNewsSanitiser.swift */; };
		A5DDF261266AC75800436888 /* NewsService.swift in Sources */ = {isa = PBXBuildFile; fileRef = A5DDF260266AC75800436888 /* NewsService.swift */; };
		A5DDF263266ACA3300436888 /* sample_news.json in Resources */ = {isa = PBXBuildFile; fileRef = A5DDF262266ACA3300436888 /* sample_news.json */; };
		A5DDF266266B745500436888 /* NewsBoardViewModel.swift in Sources */ = {isa = PBXBuildFile; fileRef = A5DDF264266B731300436888 /* NewsBoardViewModel.swift */; };
		A5DDF269266B7A6F00436888 /* NewsItemTests.swift in Sources */ = {isa = PBXBuildFile; fileRef = A5DDF268266B7A6F00436888 /* NewsItemTests.swift */; };
		A5DDF26C266B880B00436888 /* NewsItemDetail.swift in Sources */ = {isa = PBXBuildFile; fileRef = A5DDF26A266B86E900436888 /* NewsItemDetail.swift */; };
/* End PBXBuildFile section */

/* Begin PBXContainerItemProxy section */
		A5DDF254266AC4C200436888 /* PBXContainerItemProxy */ = {
			isa = PBXContainerItemProxy;
			containerPortal = A5DDF22E266AC40400436888 /* Project object */;
			proxyType = 1;
			remoteGlobalIDString = A5DDF235266AC40400436888;
			remoteInfo = o7;
		};
/* End PBXContainerItemProxy section */

/* Begin PBXFileReference section */
		A5C4AECC26765F7C0036557E /* NewsDate.swift */ = {isa = PBXFileReference; lastKnownFileType = sourcecode.swift; path = NewsDate.swift; sourceTree = "<group>"; };
		A5C4AECE26765FB80036557E /* NewsTitle.swift */ = {isa = PBXFileReference; lastKnownFileType = sourcecode.swift; path = NewsTitle.swift; sourceTree = "<group>"; };
		A5C4AED026765FFC0036557E /* NewsBody.swift */ = {isa = PBXFileReference; lastKnownFileType = sourcecode.swift; path = NewsBody.swift; sourceTree = "<group>"; };
		A5C4AED22676603F0036557E /* NavBarImage.swift */ = {isa = PBXFileReference; lastKnownFileType = sourcecode.swift; path = NavBarImage.swift; sourceTree = "<group>"; };
		A5C4AED4267660970036557E /* PreviewContent.swift */ = {isa = PBXFileReference; lastKnownFileType = sourcecode.swift; path = PreviewContent.swift; sourceTree = "<group>"; };
		A5DDF236266AC40400436888 /* o7.app */ = {isa = PBXFileReference; explicitFileType = wrapper.application; includeInIndex = 0; path = o7.app; sourceTree = BUILT_PRODUCTS_DIR; };
		A5DDF239266AC40400436888 /* o7App.swift */ = {isa = PBXFileReference; lastKnownFileType = sourcecode.swift; path = o7App.swift; sourceTree = "<group>"; };
		A5DDF23B266AC40400436888 /* NewsBoard.swift */ = {isa = PBXFileReference; lastKnownFileType = sourcecode.swift; path = NewsBoard.swift; sourceTree = "<group>"; };
		A5DDF23D266AC41500436888 /* Assets.xcassets */ = {isa = PBXFileReference; lastKnownFileType = folder.assetcatalog; path = Assets.xcassets; sourceTree = "<group>"; };
		A5DDF240266AC41500436888 /* Preview Assets.xcassets */ = {isa = PBXFileReference; lastKnownFileType = folder.assetcatalog; path = "Preview Assets.xcassets"; sourceTree = "<group>"; };
		A5DDF242266AC41500436888 /* Info.plist */ = {isa = PBXFileReference; lastKnownFileType = text.plist.xml; path = Info.plist; sourceTree = "<group>"; };
		A5DDF24F266AC4C200436888 /* o7UnitTests.xctest */ = {isa = PBXFileReference; explicitFileType = wrapper.cfbundle; includeInIndex = 0; path = o7UnitTests.xctest; sourceTree = BUILT_PRODUCTS_DIR; };
		A5DDF251266AC4C200436888 /* o7UnitTests.swift */ = {isa = PBXFileReference; lastKnownFileType = sourcecode.swift; path = o7UnitTests.swift; sourceTree = "<group>"; };
		A5DDF253266AC4C200436888 /* Info.plist */ = {isa = PBXFileReference; lastKnownFileType = text.plist.xml; path = Info.plist; sourceTree = "<group>"; };
		A5DDF25C266AC63300436888 /* NewsItem.swift */ = {isa = PBXFileReference; fileEncoding = 4; lastKnownFileType = sourcecode.swift; path = NewsItem.swift; sourceTree = "<group>"; };
		A5DDF25E266AC6E000436888 /* HTMLNewsSanitiser.swift */ = {isa = PBXFileReference; fileEncoding = 4; lastKnownFileType = sourcecode.swift; path = HTMLNewsSanitiser.swift; sourceTree = "<group>"; };
		A5DDF260266AC75800436888 /* NewsService.swift */ = {isa = PBXFileReference; fileEncoding = 4; lastKnownFileType = sourcecode.swift; path = NewsService.swift; sourceTree = "<group>"; };
		A5DDF262266ACA3300436888 /* sample_news.json */ = {isa = PBXFileReference; fileEncoding = 4; lastKnownFileType = text.json; path = sample_news.json; sourceTree = "<group>"; };
		A5DDF264266B731300436888 /* NewsBoardViewModel.swift */ = {isa = PBXFileReference; lastKnownFileType = sourcecode.swift; path = NewsBoardViewModel.swift; sourceTree = "<group>"; };
		A5DDF268266B7A6F00436888 /* NewsItemTests.swift */ = {isa = PBXFileReference; fileEncoding = 4; lastKnownFileType = sourcecode.swift; path = NewsItemTests.swift; sourceTree = "<group>"; };
		A5DDF26A266B86E900436888 /* NewsItemDetail.swift */ = {isa = PBXFileReference; lastKnownFileType = sourcecode.swift; path = NewsItemDetail.swift; sourceTree = "<group>"; };
/* End PBXFileReference section */

/* Begin PBXFrameworksBuildPhase section */
		A5DDF233266AC40400436888 /* Frameworks */ = {
			isa = PBXFrameworksBuildPhase;
			buildActionMask = 2147483647;
			files = (
			);
			runOnlyForDeploymentPostprocessing = 0;
		};
		A5DDF24C266AC4C200436888 /* Frameworks */ = {
			isa = PBXFrameworksBuildPhase;
			buildActionMask = 2147483647;
			files = (
			);
			runOnlyForDeploymentPostprocessing = 0;
		};
/* End PBXFrameworksBuildPhase section */

/* Begin PBXGroup section */
		A529A43D2683D99800BAA2BE /* ViewModel */ = {
			isa = PBXGroup;
			children = (
			);
			path = ViewModel;
			sourceTree = "<group>";
		};
		A529A43E2683D9D300BAA2BE /* Services */ = {
			isa = PBXGroup;
			children = (
			);
			name = Services;
			path = "New Group1";
			sourceTree = "<group>";
		};
		A5DDF22D266AC40400436888 = {
			isa = PBXGroup;
			children = (
				A5DDF238266AC40400436888 /* o7 */,
				A5DDF250266AC4C200436888 /* o7UnitTests */,
				A5DDF237266AC40400436888 /* Products */,
			);
			sourceTree = "<group>";
		};
		A5DDF237266AC40400436888 /* Products */ = {
			isa = PBXGroup;
			children = (
				A5DDF236266AC40400436888 /* o7.app */,
				A5DDF24F266AC4C200436888 /* o7UnitTests.xctest */,
			);
			name = Products;
			sourceTree = "<group>";
		};
		A5DDF238266AC40400436888 /* o7 */ = {
			isa = PBXGroup;
			children = (
				A5DDF248266AC49100436888 /* Model */,
				A5DDF249266AC49700436888 /* View */,
				A5DDF24A266AC49D00436888 /* ViewModel */,
				A5DDF259266AC4C800436888 /* Services */,
				A5DDF239266AC40400436888 /* o7App.swift */,
				A5DDF23D266AC41500436888 /* Assets.xcassets */,
				A5DDF242266AC41500436888 /* Info.plist */,
				A5DDF23F266AC41500436888 /* Preview Content */,
			);
			path = o7;
			sourceTree = "<group>";
		};
		A5DDF23F266AC41500436888 /* Preview Content */ = {
			isa = PBXGroup;
			children = (
				A5DDF262266ACA3300436888 /* sample_news.json */,
				A5DDF240266AC41500436888 /* Preview Assets.xcassets */,
				A5C4AED4267660970036557E /* PreviewContent.swift */,
			);
			path = "Preview Content";
			sourceTree = "<group>";
		};
		A5DDF248266AC49100436888 /* Model */ = {
			isa = PBXGroup;
			children = (
				A5DDF25C266AC63300436888 /* NewsItem.swift */,
			);
			path = Model;
			sourceTree = "<group>";
		};
		A5DDF249266AC49700436888 /* View */ = {
			isa = PBXGroup;
			children = (
				A5DDF23B266AC40400436888 /* NewsBoard.swift */,
				A5C4AED22676603F0036557E /* NavBarImage.swift */,
				A5C4AECC26765F7C0036557E /* NewsDate.swift */,
				A5C4AECE26765FB80036557E /* NewsTitle.swift */,
				A5C4AED026765FFC0036557E /* NewsBody.swift */,
				A5DDF26A266B86E900436888 /* NewsItemDetail.swift */,
			);
			path = View;
			sourceTree = "<group>";
		};
		A5DDF24A266AC49D00436888 /* ViewModel */ = {
			isa = PBXGroup;
			children = (
				A5DDF264266B731300436888 /* NewsBoardViewModel.swift */,
			);
			path = ViewModel;
			sourceTree = "<group>";
		};
		A5DDF250266AC4C200436888 /* o7UnitTests */ = {
			isa = PBXGroup;
			children = (
				A5DDF267266B7A6700436888 /* Model */,
				A529A43D2683D99800BAA2BE /* ViewModel */,
				A529A43E2683D9D300BAA2BE /* Services */,
				A5DDF251266AC4C200436888 /* o7UnitTests.swift */,
				A5DDF253266AC4C200436888 /* Info.plist */,
			);
			path = o7UnitTests;
			sourceTree = "<group>";
		};
		A5DDF259266AC4C800436888 /* Services */ = {
			isa = PBXGroup;
			children = (
				A5DDF25E266AC6E000436888 /* HTMLNewsSanitiser.swift */,
				A5DDF260266AC75800436888 /* NewsService.swift */,
			);
			path = Services;
			sourceTree = "<group>";
		};
		A5DDF267266B7A6700436888 /* Model */ = {
			isa = PBXGroup;
			children = (
				A5DDF268266B7A6F00436888 /* NewsItemTests.swift */,
			);
			path = Model;
			sourceTree = "<group>";
		};
/* End PBXGroup section */

/* Begin PBXNativeTarget section */
		A5DDF235266AC40400436888 /* o7 */ = {
			isa = PBXNativeTarget;
			buildConfigurationList = A5DDF245266AC41500436888 /* Build configuration list for PBXNativeTarget "o7" */;
			buildPhases = (
				A5DDF232266AC40400436888 /* Sources */,
				A5DDF233266AC40400436888 /* Frameworks */,
				A5DDF234266AC40400436888 /* Resources */,
			);
			buildRules = (
			);
			dependencies = (
			);
			name = o7;
			productName = o7;
			productReference = A5DDF236266AC40400436888 /* o7.app */;
			productType = "com.apple.product-type.application";
		};
		A5DDF24E266AC4C200436888 /* o7UnitTests */ = {
			isa = PBXNativeTarget;
			buildConfigurationList = A5DDF256266AC4C200436888 /* Build configuration list for PBXNativeTarget "o7UnitTests" */;
			buildPhases = (
				A5DDF24B266AC4C200436888 /* Sources */,
				A5DDF24C266AC4C200436888 /* Frameworks */,
				A5DDF24D266AC4C200436888 /* Resources */,
			);
			buildRules = (
			);
			dependencies = (
				A5DDF255266AC4C200436888 /* PBXTargetDependency */,
			);
			name = o7UnitTests;
			productName = o7UnitTests;
			productReference = A5DDF24F266AC4C200436888 /* o7UnitTests.xctest */;
			productType = "com.apple.product-type.bundle.unit-test";
		};
/* End PBXNativeTarget section */

/* Begin PBXProject section */
		A5DDF22E266AC40400436888 /* Project object */ = {
			isa = PBXProject;
			attributes = {
				LastSwiftUpdateCheck = 1250;
				LastUpgradeCheck = 1250;
				TargetAttributes = {
					A5DDF235266AC40400436888 = {
						CreatedOnToolsVersion = 12.5;
					};
					A5DDF24E266AC4C200436888 = {
						CreatedOnToolsVersion = 12.5;
						TestTargetID = A5DDF235266AC40400436888;
					};
				};
			};
			buildConfigurationList = A5DDF231266AC40400436888 /* Build configuration list for PBXProject "o7" */;
			compatibilityVersion = "Xcode 9.3";
			developmentRegion = en;
			hasScannedForEncodings = 0;
			knownRegions = (
				en,
				Base,
			);
			mainGroup = A5DDF22D266AC40400436888;
			productRefGroup = A5DDF237266AC40400436888 /* Products */;
			projectDirPath = "";
			projectRoot = "";
			targets = (
				A5DDF235266AC40400436888 /* o7 */,
				A5DDF24E266AC4C200436888 /* o7UnitTests */,
			);
		};
/* End PBXProject section */

/* Begin PBXResourcesBuildPhase section */
		A5DDF234266AC40400436888 /* Resources */ = {
			isa = PBXResourcesBuildPhase;
			buildActionMask = 2147483647;
			files = (
				A5DDF241266AC41500436888 /* Preview Assets.xcassets in Resources */,
				A5DDF23E266AC41500436888 /* Assets.xcassets in Resources */,
				A5DDF263266ACA3300436888 /* sample_news.json in Resources */,
			);
			runOnlyForDeploymentPostprocessing = 0;
		};
		A5DDF24D266AC4C200436888 /* Resources */ = {
			isa = PBXResourcesBuildPhase;
			buildActionMask = 2147483647;
			files = (
			);
			runOnlyForDeploymentPostprocessing = 0;
		};
/* End PBXResourcesBuildPhase section */

/* Begin PBXSourcesBuildPhase section */
		A5DDF232266AC40400436888 /* Sources */ = {
			isa = PBXSourcesBuildPhase;
			buildActionMask = 2147483647;
			files = (
				A5DDF26C266B880B00436888 /* NewsItemDetail.swift in Sources */,
				A5DDF266266B745500436888 /* NewsBoardViewModel.swift in Sources */,
				A5DDF261266AC75800436888 /* NewsService.swift in Sources */,
				A5DDF23C266AC40400436888 /* NewsBoard.swift in Sources */,
				A5C4AED126765FFC0036557E /* NewsBody.swift in Sources */,
				A5C4AECD26765F7C0036557E /* NewsDate.swift in Sources */,
				A5DDF25D266AC63400436888 /* NewsItem.swift in Sources */,
				A5C4AED32676603F0036557E /* NavBarImage.swift in Sources */,
				A5C4AED5267660970036557E /* PreviewContent.swift in Sources */,
				A5C4AECF26765FB80036557E /* NewsTitle.swift in Sources */,
				A5DDF25F266AC6E000436888 /* HTMLNewsSanitiser.swift in Sources */,
				A5DDF23A266AC40400436888 /* o7App.swift in Sources */,
			);
			runOnlyForDeploymentPostprocessing = 0;
		};
		A5DDF24B266AC4C200436888 /* Sources */ = {
			isa = PBXSourcesBuildPhase;
			buildActionMask = 2147483647;
			files = (
				A5DDF252266AC4C200436888 /* o7UnitTests.swift in Sources */,
				A5DDF269266B7A6F00436888 /* NewsItemTests.swift in Sources */,
			);
			runOnlyForDeploymentPostprocessing = 0;
		};
/* End PBXSourcesBuildPhase section */

/* Begin PBXTargetDependency section */
		A5DDF255266AC4C200436888 /* PBXTargetDependency */ = {
			isa = PBXTargetDependency;
			target = A5DDF235266AC40400436888 /* o7 */;
			targetProxy = A5DDF254266AC4C200436888 /* PBXContainerItemProxy */;
		};
/* End PBXTargetDependency section */

/* Begin XCBuildConfiguration section */
		A5DDF243266AC41500436888 /* Debug */ = {
			isa = XCBuildConfiguration;
			buildSettings = {
				ALWAYS_SEARCH_USER_PATHS = NO;
				CLANG_ANALYZER_NONNULL = YES;
				CLANG_ANALYZER_NUMBER_OBJECT_CONVERSION = YES_AGGRESSIVE;
				CLANG_CXX_LANGUAGE_STANDARD = "gnu++14";
				CLANG_CXX_LIBRARY = "libc++";
				CLANG_ENABLE_MODULES = YES;
				CLANG_ENABLE_OBJC_ARC = YES;
				CLANG_ENABLE_OBJC_WEAK = YES;
				CLANG_WARN_BLOCK_CAPTURE_AUTORELEASING = YES;
				CLANG_WARN_BOOL_CONVERSION = YES;
				CLANG_WARN_COMMA = YES;
				CLANG_WARN_CONSTANT_CONVERSION = YES;
				CLANG_WARN_DEPRECATED_OBJC_IMPLEMENTATIONS = YES;
				CLANG_WARN_DIRECT_OBJC_ISA_USAGE = YES_ERROR;
				CLANG_WARN_DOCUMENTATION_COMMENTS = YES;
				CLANG_WARN_EMPTY_BODY = YES;
				CLANG_WARN_ENUM_CONVERSION = YES;
				CLANG_WARN_INFINITE_RECURSION = YES;
				CLANG_WARN_INT_CONVERSION = YES;
				CLANG_WARN_NON_LITERAL_NULL_CONVERSION = YES;
				CLANG_WARN_OBJC_IMPLICIT_RETAIN_SELF = YES;
				CLANG_WARN_OBJC_LITERAL_CONVERSION = YES;
				CLANG_WARN_OBJC_ROOT_CLASS = YES_ERROR;
				CLANG_WARN_QUOTED_INCLUDE_IN_FRAMEWORK_HEADER = YES;
				CLANG_WARN_RANGE_LOOP_ANALYSIS = YES;
				CLANG_WARN_STRICT_PROTOTYPES = YES;
				CLANG_WARN_SUSPICIOUS_MOVE = YES;
				CLANG_WARN_UNGUARDED_AVAILABILITY = YES_AGGRESSIVE;
				CLANG_WARN_UNREACHABLE_CODE = YES;
				CLANG_WARN__DUPLICATE_METHOD_MATCH = YES;
				COPY_PHASE_STRIP = NO;
				DEBUG_INFORMATION_FORMAT = dwarf;
				ENABLE_STRICT_OBJC_MSGSEND = YES;
				ENABLE_TESTABILITY = YES;
				GCC_C_LANGUAGE_STANDARD = gnu11;
				GCC_DYNAMIC_NO_PIC = NO;
				GCC_NO_COMMON_BLOCKS = YES;
				GCC_OPTIMIZATION_LEVEL = 0;
				GCC_PREPROCESSOR_DEFINITIONS = (
					"DEBUG=1",
					"$(inherited)",
				);
				GCC_WARN_64_TO_32_BIT_CONVERSION = YES;
				GCC_WARN_ABOUT_RETURN_TYPE = YES_ERROR;
				GCC_WARN_UNDECLARED_SELECTOR = YES;
				GCC_WARN_UNINITIALIZED_AUTOS = YES_AGGRESSIVE;
				GCC_WARN_UNUSED_FUNCTION = YES;
				GCC_WARN_UNUSED_VARIABLE = YES;
				IPHONEOS_DEPLOYMENT_TARGET = 14.5;
				MTL_ENABLE_DEBUG_INFO = INCLUDE_SOURCE;
				MTL_FAST_MATH = YES;
				ONLY_ACTIVE_ARCH = YES;
				SDKROOT = iphoneos;
				SWIFT_ACTIVE_COMPILATION_CONDITIONS = DEBUG;
				SWIFT_OPTIMIZATION_LEVEL = "-Onone";
			};
			name = Debug;
		};
		A5DDF244266AC41500436888 /* Release */ = {
			isa = XCBuildConfiguration;
			buildSettings = {
				ALWAYS_SEARCH_USER_PATHS = NO;
				CLANG_ANALYZER_NONNULL = YES;
				CLANG_ANALYZER_NUMBER_OBJECT_CONVERSION = YES_AGGRESSIVE;
				CLANG_CXX_LANGUAGE_STANDARD = "gnu++14";
				CLANG_CXX_LIBRARY = "libc++";
				CLANG_ENABLE_MODULES = YES;
				CLANG_ENABLE_OBJC_ARC = YES;
				CLANG_ENABLE_OBJC_WEAK = YES;
				CLANG_WARN_BLOCK_CAPTURE_AUTORELEASING = YES;
				CLANG_WARN_BOOL_CONVERSION = YES;
				CLANG_WARN_COMMA = YES;
				CLANG_WARN_CONSTANT_CONVERSION = YES;
				CLANG_WARN_DEPRECATED_OBJC_IMPLEMENTATIONS = YES;
				CLANG_WARN_DIRECT_OBJC_ISA_USAGE = YES_ERROR;
				CLANG_WARN_DOCUMENTATION_COMMENTS = YES;
				CLANG_WARN_EMPTY_BODY = YES;
				CLANG_WARN_ENUM_CONVERSION = YES;
				CLANG_WARN_INFINITE_RECURSION = YES;
				CLANG_WARN_INT_CONVERSION = YES;
				CLANG_WARN_NON_LITERAL_NULL_CONVERSION = YES;
				CLANG_WARN_OBJC_IMPLICIT_RETAIN_SELF = YES;
				CLANG_WARN_OBJC_LITERAL_CONVERSION = YES;
				CLANG_WARN_OBJC_ROOT_CLASS = YES_ERROR;
				CLANG_WARN_QUOTED_INCLUDE_IN_FRAMEWORK_HEADER = YES;
				CLANG_WARN_RANGE_LOOP_ANALYSIS = YES;
				CLANG_WARN_STRICT_PROTOTYPES = YES;
				CLANG_WARN_SUSPICIOUS_MOVE = YES;
				CLANG_WARN_UNGUARDED_AVAILABILITY = YES_AGGRESSIVE;
				CLANG_WARN_UNREACHABLE_CODE = YES;
				CLANG_WARN__DUPLICATE_METHOD_MATCH = YES;
				COPY_PHASE_STRIP = NO;
				DEBUG_INFORMATION_FORMAT = "dwarf-with-dsym";
				ENABLE_NS_ASSERTIONS = NO;
				ENABLE_STRICT_OBJC_MSGSEND = YES;
				GCC_C_LANGUAGE_STANDARD = gnu11;
				GCC_NO_COMMON_BLOCKS = YES;
				GCC_WARN_64_TO_32_BIT_CONVERSION = YES;
				GCC_WARN_ABOUT_RETURN_TYPE = YES_ERROR;
				GCC_WARN_UNDECLARED_SELECTOR = YES;
				GCC_WARN_UNINITIALIZED_AUTOS = YES_AGGRESSIVE;
				GCC_WARN_UNUSED_FUNCTION = YES;
				GCC_WARN_UNUSED_VARIABLE = YES;
				IPHONEOS_DEPLOYMENT_TARGET = 14.5;
				MTL_ENABLE_DEBUG_INFO = NO;
				MTL_FAST_MATH = YES;
				SDKROOT = iphoneos;
				SWIFT_COMPILATION_MODE = wholemodule;
				SWIFT_OPTIMIZATION_LEVEL = "-O";
				VALIDATE_PRODUCT = YES;
			};
			name = Release;
		};
		A5DDF246266AC41500436888 /* Debug */ = {
			isa = XCBuildConfiguration;
			buildSettings = {
				ASSETCATALOG_COMPILER_APPICON_NAME = AppIcon;
				ASSETCATALOG_COMPILER_GLOBAL_ACCENT_COLOR_NAME = AccentColor;
				CODE_SIGN_STYLE = Automatic;
				DEVELOPMENT_ASSET_PATHS = "\"o7/Preview Content\"";
				DEVELOPMENT_TEAM = 76BSGUF375;
				ENABLE_PREVIEWS = YES;
				INFOPLIST_FILE = o7/Info.plist;
				IPHONEOS_DEPLOYMENT_TARGET = 14.0;
				LD_RUNPATH_SEARCH_PATHS = (
					"$(inherited)",
					"@executable_path/Frameworks",
				);
				PRODUCT_BUNDLE_IDENTIFIER = uk.co.dandbutton.o7;
				PRODUCT_NAME = "$(TARGET_NAME)";
				SWIFT_VERSION = 5.0;
				TARGETED_DEVICE_FAMILY = "1,2";
			};
			name = Debug;
		};
		A5DDF247266AC41500436888 /* Release */ = {
			isa = XCBuildConfiguration;
			buildSettings = {
				ASSETCATALOG_COMPILER_APPICON_NAME = AppIcon;
				ASSETCATALOG_COMPILER_GLOBAL_ACCENT_COLOR_NAME = AccentColor;
				CODE_SIGN_STYLE = Automatic;
				DEVELOPMENT_ASSET_PATHS = "\"o7/Preview Content\"";
				DEVELOPMENT_TEAM = 76BSGUF375;
				ENABLE_PREVIEWS = YES;
				INFOPLIST_FILE = o7/Info.plist;
				IPHONEOS_DEPLOYMENT_TARGET = 14.0;
				LD_RUNPATH_SEARCH_PATHS = (
					"$(inherited)",
					"@executable_path/Frameworks",
				);
				PRODUCT_BUNDLE_IDENTIFIER = uk.co.dandbutton.o7;
				PRODUCT_NAME = "$(TARGET_NAME)";
				SWIFT_VERSION = 5.0;
				TARGETED_DEVICE_FAMILY = "1,2";
			};
			name = Release;
		};
		A5DDF257266AC4C200436888 /* Debug */ = {
			isa = XCBuildConfiguration;
			buildSettings = {
				BUNDLE_LOADER = "$(TEST_HOST)";
				CODE_SIGN_STYLE = Automatic;
				DEVELOPMENT_TEAM = 76BSGUF375;
				INFOPLIST_FILE = o7UnitTests/Info.plist;
				LD_RUNPATH_SEARCH_PATHS = (
					"$(inherited)",
					"@executable_path/Frameworks",
					"@loader_path/Frameworks",
				);
				PRODUCT_BUNDLE_IDENTIFIER = uk.co.dandbutton.o7UnitTests;
				PRODUCT_NAME = "$(TARGET_NAME)";
				SWIFT_VERSION = 5.0;
				TARGETED_DEVICE_FAMILY = "1,2";
				TEST_HOST = "$(BUILT_PRODUCTS_DIR)/o7.app/o7";
			};
			name = Debug;
		};
		A5DDF258266AC4C200436888 /* Release */ = {
			isa = XCBuildConfiguration;
			buildSettings = {
				BUNDLE_LOADER = "$(TEST_HOST)";
				CODE_SIGN_STYLE = Automatic;
				DEVELOPMENT_TEAM = 76BSGUF375;
				INFOPLIST_FILE = o7UnitTests/Info.plist;
				LD_RUNPATH_SEARCH_PATHS = (
					"$(inherited)",
					"@executable_path/Frameworks",
					"@loader_path/Frameworks",
				);
				PRODUCT_BUNDLE_IDENTIFIER = uk.co.dandbutton.o7UnitTests;
				PRODUCT_NAME = "$(TARGET_NAME)";
				SWIFT_VERSION = 5.0;
				TARGETED_DEVICE_FAMILY = "1,2";
				TEST_HOST = "$(BUILT_PRODUCTS_DIR)/o7.app/o7";
			};
			name = Release;
		};
/* End XCBuildConfiguration section */

/* Begin XCConfigurationList section */
		A5DDF231266AC40400436888 /* Build configuration list for PBXProject "o7" */ = {
			isa = XCConfigurationList;
			buildConfigurations = (
				A5DDF243266AC41500436888 /* Debug */,
				A5DDF244266AC41500436888 /* Release */,
			);
			defaultConfigurationIsVisible = 0;
			defaultConfigurationName = Release;
		};
		A5DDF245266AC41500436888 /* Build configuration list for PBXNativeTarget "o7" */ = {
			isa = XCConfigurationList;
			buildConfigurations = (
				A5DDF246266AC41500436888 /* Debug */,
				A5DDF247266AC41500436888 /* Release */,
			);
			defaultConfigurationIsVisible = 0;
			defaultConfigurationName = Release;
		};
		A5DDF256266AC4C200436888 /* Build configuration list for PBXNativeTarget "o7UnitTests" */ = {
			isa = XCConfigurationList;
			buildConfigurations = (
				A5DDF257266AC4C200436888 /* Debug */,
				A5DDF258266AC4C200436888 /* Release */,
			);
			defaultConfigurationIsVisible = 0;
			defaultConfigurationName = Release;
		};
/* End XCConfigurationList section */
	};
	rootObject = A5DDF22E266AC40400436888 /* Project object */;
}
